
Microsoft Visual Studio Solution File, Format Version 12.00
# Visual Studio 15
VisualStudioVersion = 15.0.28010.2016
MinimumVisualStudioVersion = 10.0.40219.1
Project("{FAE04EC0-301F-11D3-BF4B-00C04F79EFBC}") = "PacmanGame", "PacmanGame\PacmanGame.csproj", "{8D1D2974-EF93-4C4C-B594-EE940AA33D2C}"
EndProject
Global
	GlobalSection(SolutionConfigurationPlatforms) = preSolution
		Debug|Any CPU = Debug|Any CPU
		Release|Any CPU = Release|Any CPU
	EndGlobalSection
	GlobalSection(ProjectConfigurationPlatforms) = postSolution
		{8D1D2974-EF93-4C4C-B594-EE940AA33D2C}.Debug|Any CPU.ActiveCfg = Debug|Any CPU
		{8D1D2974-EF93-4C4C-B594-EE940AA33D2C}.Debug|Any CPU.Build.0 = Debug|Any CPU
		{8D1D2974-EF93-4C4C-B594-EE940AA33D2C}.Release|Any CPU.ActiveCfg = Release|Any CPU
		{8D1D2974-EF93-4C4C-B594-EE940AA33D2C}.Release|Any CPU.Build.0 = Release|Any CPU
	EndGlobalSection
	GlobalSection(SolutionProperties) = preSolution
		HideSolutionNode = FALSE
	EndGlobalSection
	GlobalSection(ExtensibilityGlobals) = postSolution
		SolutionGuid = {20E08661-F5FA-4F0B-8D2E-CE37DC6A7F8F}
	EndGlobalSection
EndGlobal
